// !$*UTF8*$!
{
	archiveVersion = 1;
	classes = {
	};
	objectVersion = 51;
	objects = {

/* Begin PBXBuildFile section */
		3B24821525D7ECD1009155CA /* AppDelegate.swift in Sources */ = {isa = PBXBuildFile; fileRef = 3B24821425D7ECD1009155CA /* AppDelegate.swift */; };
		3B24821725D7ECD1009155CA /* SceneDelegate.swift in Sources */ = {isa = PBXBuildFile; fileRef = 3B24821625D7ECD1009155CA /* SceneDelegate.swift */; };
		3B24821925D7ECD1009155CA /* ViewController.swift in Sources */ = {isa = PBXBuildFile; fileRef = 3B24821825D7ECD1009155CA /* ViewController.swift */; };
		3B24821C25D7ECD1009155CA /* Main.storyboard in Resources */ = {isa = PBXBuildFile; fileRef = 3B24821A25D7ECD1009155CA /* Main.storyboard */; };
		3B24821E25D7ECD4009155CA /* Assets.xcassets in Resources */ = {isa = PBXBuildFile; fileRef = 3B24821D25D7ECD4009155CA /* Assets.xcassets */; };
		3B24822125D7ECD4009155CA /* LaunchScreen.storyboard in Resources */ = {isa = PBXBuildFile; fileRef = 3B24821F25D7ECD4009155CA /* LaunchScreen.storyboard */; };
		3B5DE29E25D9412D00817127 /* ArticleModel.swift in Sources */ = {isa = PBXBuildFile; fileRef = 3B5DE29D25D9412D00817127 /* ArticleModel.swift */; };
		53EA12BE404142F3DB80CF3E /* Pods_Qiitaipad.framework in Frameworks */ = {isa = PBXBuildFile; fileRef = EC5FC4338BD005D3FD0B4E16 /* Pods_Qiitaipad.framework */; };
/* End PBXBuildFile section */

/* Begin PBXFileReference section */
		34EF6B54D0398C7EA1BF105A /* Pods-Qiitaipad.debug.xcconfig */ = {isa = PBXFileReference; includeInIndex = 1; lastKnownFileType = text.xcconfig; name = "Pods-Qiitaipad.debug.xcconfig"; path = "Target Support Files/Pods-Qiitaipad/Pods-Qiitaipad.debug.xcconfig"; sourceTree = "<group>"; };
		3B24821125D7ECD1009155CA /* Qiitaipad.app */ = {isa = PBXFileReference; explicitFileType = wrapper.application; includeInIndex = 0; path = Qiitaipad.app; sourceTree = BUILT_PRODUCTS_DIR; };
		3B24821425D7ECD1009155CA /* AppDelegate.swift */ = {isa = PBXFileReference; lastKnownFileType = sourcecode.swift; path = AppDelegate.swift; sourceTree = "<group>"; };
		3B24821625D7ECD1009155CA /* SceneDelegate.swift */ = {isa = PBXFileReference; lastKnownFileType = sourcecode.swift; path = SceneDelegate.swift; sourceTree = "<group>"; };
		3B24821825D7ECD1009155CA /* ViewController.swift */ = {isa = PBXFileReference; lastKnownFileType = sourcecode.swift; path = ViewController.swift; sourceTree = "<group>"; };
		3B24821B25D7ECD1009155CA /* Base */ = {isa = PBXFileReference; lastKnownFileType = file.storyboard; name = Base; path = Base.lproj/Main.storyboard; sourceTree = "<group>"; };
		3B24821D25D7ECD4009155CA /* Assets.xcassets */ = {isa = PBXFileReference; lastKnownFileType = folder.assetcatalog; path = Assets.xcassets; sourceTree = "<group>"; };
		3B24822025D7ECD4009155CA /* Base */ = {isa = PBXFileReference; lastKnownFileType = file.storyboard; name = Base; path = Base.lproj/LaunchScreen.storyboard; sourceTree = "<group>"; };
		3B24822225D7ECD4009155CA /* Info.plist */ = {isa = PBXFileReference; lastKnownFileType = text.plist.xml; path = Info.plist; sourceTree = "<group>"; };
		3B5DE29D25D9412D00817127 /* ArticleModel.swift */ = {isa = PBXFileReference; lastKnownFileType = sourcecode.swift; path = ArticleModel.swift; sourceTree = "<group>"; };
		CE69A8AFDE0619E044F61483 /* Pods-Qiitaipad.release.xcconfig */ = {isa = PBXFileReference; includeInIndex = 1; lastKnownFileType = text.xcconfig; name = "Pods-Qiitaipad.release.xcconfig"; path = "Target Support Files/Pods-Qiitaipad/Pods-Qiitaipad.release.xcconfig"; sourceTree = "<group>"; };
		EC5FC4338BD005D3FD0B4E16 /* Pods_Qiitaipad.framework */ = {isa = PBXFileReference; explicitFileType = wrapper.framework; includeInIndex = 0; path = Pods_Qiitaipad.framework; sourceTree = BUILT_PRODUCTS_DIR; };
/* End PBXFileReference section */

/* Begin PBXFrameworksBuildPhase section */
		3B24820E25D7ECD1009155CA /* Frameworks */ = {
			isa = PBXFrameworksBuildPhase;
			buildActionMask = 2147483647;
			files = (
				53EA12BE404142F3DB80CF3E /* Pods_Qiitaipad.framework in Frameworks */,
			);
			runOnlyForDeploymentPostprocessing = 0;
		};
/* End PBXFrameworksBuildPhase section */

/* Begin PBXGroup section */
		3B24820825D7ECD1009155CA = {
			isa = PBXGroup;
			children = (
				3B24821325D7ECD1009155CA /* Qiitaipad */,
				3B24821225D7ECD1009155CA /* Products */,
				BEE4FED5B2A48D7656ACA23C /* Pods */,
				ADF92DBF8284A21FF6776560 /* Frameworks */,
			);
			sourceTree = "<group>";
		};
		3B24821225D7ECD1009155CA /* Products */ = {
			isa = PBXGroup;
			children = (
				3B24821125D7ECD1009155CA /* Qiitaipad.app */,
			);
			name = Products;
			sourceTree = "<group>";
		};
		3B24821325D7ECD1009155CA /* Qiitaipad */ = {
			isa = PBXGroup;
			children = (
				3B24821425D7ECD1009155CA /* AppDelegate.swift */,
				3B24821625D7ECD1009155CA /* SceneDelegate.swift */,
				3B5DE29C25D9412100817127 /* Model */,
				3B24821825D7ECD1009155CA /* ViewController.swift */,
				3B24821A25D7ECD1009155CA /* Main.storyboard */,
				3B24821D25D7ECD4009155CA /* Assets.xcassets */,
				3B24821F25D7ECD4009155CA /* LaunchScreen.storyboard */,
				3B24822225D7ECD4009155CA /* Info.plist */,
			);
			path = Qiitaipad;
			sourceTree = "<group>";
		};
		3B5DE29C25D9412100817127 /* Model */ = {
			isa = PBXGroup;
			children = (
				3B5DE29D25D9412D00817127 /* ArticleModel.swift */,
			);
			path = Model;
			sourceTree = "<group>";
		};
		ADF92DBF8284A21FF6776560 /* Frameworks */ = {
			isa = PBXGroup;
			children = (
				EC5FC4338BD005D3FD0B4E16 /* Pods_Qiitaipad.framework */,
			);
			name = Frameworks;
			sourceTree = "<group>";
		};
		BEE4FED5B2A48D7656ACA23C /* Pods */ = {
			isa = PBXGroup;
			children = (
				34EF6B54D0398C7EA1BF105A /* Pods-Qiitaipad.debug.xcconfig */,
				CE69A8AFDE0619E044F61483 /* Pods-Qiitaipad.release.xcconfig */,
			);
			path = Pods;
			sourceTree = "<group>";
		};
/* End PBXGroup section */

/* Begin PBXNativeTarget section */
		3B24821025D7ECD1009155CA /* Qiitaipad */ = {
			isa = PBXNativeTarget;
			buildConfigurationList = 3B24822525D7ECD4009155CA /* Build configuration list for PBXNativeTarget "Qiitaipad" */;
			buildPhases = (
				2C8B8CD45FF3379E95A200A4 /* [CP] Check Pods Manifest.lock */,
				3B24820D25D7ECD1009155CA /* Sources */,
				3B24820E25D7ECD1009155CA /* Frameworks */,
				3B24820F25D7ECD1009155CA /* Resources */,
				5FE9E7357E46EC4EA80CEAB3 /* [CP] Embed Pods Frameworks */,
			);
			buildRules = (
			);
			dependencies = (
			);
			name = Qiitaipad;
			productName = Qiitaipad;
			productReference = 3B24821125D7ECD1009155CA /* Qiitaipad.app */;
			productType = "com.apple.product-type.application";
		};
/* End PBXNativeTarget section */

/* Begin PBXProject section */
		3B24820925D7ECD1009155CA /* Project object */ = {
			isa = PBXProject;
			attributes = {
				LastSwiftUpdateCheck = 1210;
				LastUpgradeCheck = 1210;
				TargetAttributes = {
					3B24821025D7ECD1009155CA = {
						CreatedOnToolsVersion = 12.1;
					};
				};
			};
			buildConfigurationList = 3B24820C25D7ECD1009155CA /* Build configuration list for PBXProject "Qiitaipad" */;
			compatibilityVersion = "Xcode 9.3";
			developmentRegion = en;
			hasScannedForEncodings = 0;
			knownRegions = (
				en,
				Base,
			);
			mainGroup = 3B24820825D7ECD1009155CA;
			productRefGroup = 3B24821225D7ECD1009155CA /* Products */;
			projectDirPath = "";
			projectRoot = "";
			targets = (
				3B24821025D7ECD1009155CA /* Qiitaipad */,
			);
		};
/* End PBXProject section */

/* Begin PBXResourcesBuildPhase section */
		3B24820F25D7ECD1009155CA /* Resources */ = {
			isa = PBXResourcesBuildPhase;
			buildActionMask = 2147483647;
			files = (
				3B24822125D7ECD4009155CA /* LaunchScreen.storyboard in Resources */,
				3B24821E25D7ECD4009155CA /* Assets.xcassets in Resources */,
				3B24821C25D7ECD1009155CA /* Main.storyboard in Resources */,
			);
			runOnlyForDeploymentPostprocessing = 0;
		};
/* End PBXResourcesBuildPhase section */

/* Begin PBXShellScriptBuildPhase section */
		2C8B8CD45FF3379E95A200A4 /* [CP] Check Pods Manifest.lock */ = {
			isa = PBXShellScriptBuildPhase;
			buildActionMask = 2147483647;
			files = (
			);
			inputFileListPaths = (
			);
			inputPaths = (
				"${PODS_PODFILE_DIR_PATH}/Podfile.lock",
				"${PODS_ROOT}/Manifest.lock",
			);
			name = "[CP] Check Pods Manifest.lock";
			outputFileListPaths = (
			);
			outputPaths = (
				"$(DERIVED_FILE_DIR)/Pods-Qiitaipad-checkManifestLockResult.txt",
			);
			runOnlyForDeploymentPostprocessing = 0;
			shellPath = /bin/sh;
			shellScript = "diff \"${PODS_PODFILE_DIR_PATH}/Podfile.lock\" \"${PODS_ROOT}/Manifest.lock\" > /dev/null\nif [ $? != 0 ] ; then\n    # print error to STDERR\n    echo \"error: The sandbox is not in sync with the Podfile.lock. Run 'pod install' or update your CocoaPods installation.\" >&2\n    exit 1\nfi\n# This output is used by Xcode 'outputs' to avoid re-running this script phase.\necho \"SUCCESS\" > \"${SCRIPT_OUTPUT_FILE_0}\"\n";
			showEnvVarsInLog = 0;
		};
		5FE9E7357E46EC4EA80CEAB3 /* [CP] Embed Pods Frameworks */ = {
			isa = PBXShellScriptBuildPhase;
			buildActionMask = 2147483647;
			files = (
			);
			inputFileListPaths = (
				"${PODS_ROOT}/Target Support Files/Pods-Qiitaipad/Pods-Qiitaipad-frameworks-${CONFIGURATION}-input-files.xcfilelist",
			);
			name = "[CP] Embed Pods Frameworks";
			outputFileListPaths = (
				"${PODS_ROOT}/Target Support Files/Pods-Qiitaipad/Pods-Qiitaipad-frameworks-${CONFIGURATION}-output-files.xcfilelist",
			);
			runOnlyForDeploymentPostprocessing = 0;
			shellPath = /bin/sh;
			shellScript = "\"${PODS_ROOT}/Target Support Files/Pods-Qiitaipad/Pods-Qiitaipad-frameworks.sh\"\n";
			showEnvVarsInLog = 0;
		};
/* End PBXShellScriptBuildPhase section */

/* Begin PBXSourcesBuildPhase section */
		3B24820D25D7ECD1009155CA /* Sources */ = {
			isa = PBXSourcesBuildPhase;
			buildActionMask = 2147483647;
			files = (
				3B24821925D7ECD1009155CA /* ViewController.swift in Sources */,
				3B24821525D7ECD1009155CA /* AppDelegate.swift in Sources */,
				3B5DE29E25D9412D00817127 /* ArticleModel.swift in Sources */,
				3B24821725D7ECD1009155CA /* SceneDelegate.swift in Sources */,
			);
			runOnlyForDeploymentPostprocessing = 0;
		};
/* End PBXSourcesBuildPhase section */

/* Begin PBXVariantGroup section */
		3B24821A25D7ECD1009155CA /* Main.storyboard */ = {
			isa = PBXVariantGroup;
			children = (
				3B24821B25D7ECD1009155CA /* Base */,
			);
			name = Main.storyboard;
			sourceTree = "<group>";
		};
		3B24821F25D7ECD4009155CA /* LaunchScreen.storyboard */ = {
			isa = PBXVariantGroup;
			children = (
				3B24822025D7ECD4009155CA /* Base */,
			);
			name = LaunchScreen.storyboard;
			sourceTree = "<group>";
		};
/* End PBXVariantGroup section */

/* Begin XCBuildConfiguration section */
		3B24822325D7ECD4009155CA /* Debug */ = {
			isa = XCBuildConfiguration;
			buildSettings = {
				ALWAYS_SEARCH_USER_PATHS = NO;
				CLANG_ANALYZER_NONNULL = YES;
				CLANG_ANALYZER_NUMBER_OBJECT_CONVERSION = YES_AGGRESSIVE;
				CLANG_CXX_LANGUAGE_STANDARD = "gnu++14";
				CLANG_CXX_LIBRARY = "libc++";
				CLANG_ENABLE_MODULES = YES;
				CLANG_ENABLE_OBJC_ARC = YES;
				CLANG_ENABLE_OBJC_WEAK = YES;
				CLANG_WARN_BLOCK_CAPTURE_AUTORELEASING = YES;
				CLANG_WARN_BOOL_CONVERSION = YES;
				CLANG_WARN_COMMA = YES;
				CLANG_WARN_CONSTANT_CONVERSION = YES;
				CLANG_WARN_DEPRECATED_OBJC_IMPLEMENTATIONS = YES;
				CLANG_WARN_DIRECT_OBJC_ISA_USAGE = YES_ERROR;
				CLANG_WARN_DOCUMENTATION_COMMENTS = YES;
				CLANG_WARN_EMPTY_BODY = YES;
				CLANG_WARN_ENUM_CONVERSION = YES;
				CLANG_WARN_INFINITE_RECURSION = YES;
				CLANG_WARN_INT_CONVERSION = YES;
				CLANG_WARN_NON_LITERAL_NULL_CONVERSION = YES;
				CLANG_WARN_OBJC_IMPLICIT_RETAIN_SELF = YES;
				CLANG_WARN_OBJC_LITERAL_CONVERSION = YES;
				CLANG_WARN_OBJC_ROOT_CLASS = YES_ERROR;
				CLANG_WARN_QUOTED_INCLUDE_IN_FRAMEWORK_HEADER = YES;
				CLANG_WARN_RANGE_LOOP_ANALYSIS = YES;
				CLANG_WARN_STRICT_PROTOTYPES = YES;
				CLANG_WARN_SUSPICIOUS_MOVE = YES;
				CLANG_WARN_UNGUARDED_AVAILABILITY = YES_AGGRESSIVE;
				CLANG_WARN_UNREACHABLE_CODE = YES;
				CLANG_WARN__DUPLICATE_METHOD_MATCH = YES;
				COPY_PHASE_STRIP = NO;
				DEBUG_INFORMATION_FORMAT = dwarf;
				ENABLE_STRICT_OBJC_MSGSEND = YES;
				ENABLE_TESTABILITY = YES;
				GCC_C_LANGUAGE_STANDARD = gnu11;
				GCC_DYNAMIC_NO_PIC = NO;
				GCC_NO_COMMON_BLOCKS = YES;
				GCC_OPTIMIZATION_LEVEL = 0;
				GCC_PREPROCESSOR_DEFINITIONS = (
					"DEBUG=1",
					"$(inherited)",
				);
				GCC_WARN_64_TO_32_BIT_CONVERSION = YES;
				GCC_WARN_ABOUT_RETURN_TYPE = YES_ERROR;
				GCC_WARN_UNDECLARED_SELECTOR = YES;
				GCC_WARN_UNINITIALIZED_AUTOS = YES_AGGRESSIVE;
				GCC_WARN_UNUSED_FUNCTION = YES;
				GCC_WARN_UNUSED_VARIABLE = YES;
				IPHONEOS_DEPLOYMENT_TARGET = 14.1;
				MTL_ENABLE_DEBUG_INFO = INCLUDE_SOURCE;
				MTL_FAST_MATH = YES;
				ONLY_ACTIVE_ARCH = YES;
				SDKROOT = iphoneos;
				SWIFT_ACTIVE_COMPILATION_CONDITIONS = DEBUG;
				SWIFT_OPTIMIZATION_LEVEL = "-Onone";
			};
			name = Debug;
		};
		3B24822425D7ECD4009155CA /* Release */ = {
			isa = XCBuildConfiguration;
			buildSettings = {
				ALWAYS_SEARCH_USER_PATHS = NO;
				CLANG_ANALYZER_NONNULL = YES;
				CLANG_ANALYZER_NUMBER_OBJECT_CONVERSION = YES_AGGRESSIVE;
				CLANG_CXX_LANGUAGE_STANDARD = "gnu++14";
				CLANG_CXX_LIBRARY = "libc++";
				CLANG_ENABLE_MODULES = YES;
				CLANG_ENABLE_OBJC_ARC = YES;
				CLANG_ENABLE_OBJC_WEAK = YES;
				CLANG_WARN_BLOCK_CAPTURE_AUTORELEASING = YES;
				CLANG_WARN_BOOL_CONVERSION = YES;
				CLANG_WARN_COMMA = YES;
				CLANG_WARN_CONSTANT_CONVERSION = YES;
				CLANG_WARN_DEPRECATED_OBJC_IMPLEMENTATIONS = YES;
				CLANG_WARN_DIRECT_OBJC_ISA_USAGE = YES_ERROR;
				CLANG_WARN_DOCUMENTATION_COMMENTS = YES;
				CLANG_WARN_EMPTY_BODY = YES;
				CLANG_WARN_ENUM_CONVERSION = YES;
				CLANG_WARN_INFINITE_RECURSION = YES;
				CLANG_WARN_INT_CONVERSION = YES;
				CLANG_WARN_NON_LITERAL_NULL_CONVERSION = YES;
				CLANG_WARN_OBJC_IMPLICIT_RETAIN_SELF = YES;
				CLANG_WARN_OBJC_LITERAL_CONVERSION = YES;
				CLANG_WARN_OBJC_ROOT_CLASS = YES_ERROR;
				CLANG_WARN_QUOTED_INCLUDE_IN_FRAMEWORK_HEADER = YES;
				CLANG_WARN_RANGE_LOOP_ANALYSIS = YES;
				CLANG_WARN_STRICT_PROTOTYPES = YES;
				CLANG_WARN_SUSPICIOUS_MOVE = YES;
				CLANG_WARN_UNGUARDED_AVAILABILITY = YES_AGGRESSIVE;
				CLANG_WARN_UNREACHABLE_CODE = YES;
				CLANG_WARN__DUPLICATE_METHOD_MATCH = YES;
				COPY_PHASE_STRIP = NO;
				DEBUG_INFORMATION_FORMAT = "dwarf-with-dsym";
				ENABLE_NS_ASSERTIONS = NO;
				ENABLE_STRICT_OBJC_MSGSEND = YES;
				GCC_C_LANGUAGE_STANDARD = gnu11;
				GCC_NO_COMMON_BLOCKS = YES;
				GCC_WARN_64_TO_32_BIT_CONVERSION = YES;
				GCC_WARN_ABOUT_RETURN_TYPE = YES_ERROR;
				GCC_WARN_UNDECLARED_SELECTOR = YES;
				GCC_WARN_UNINITIALIZED_AUTOS = YES_AGGRESSIVE;
				GCC_WARN_UNUSED_FUNCTION = YES;
				GCC_WARN_UNUSED_VARIABLE = YES;
				IPHONEOS_DEPLOYMENT_TARGET = 14.1;
				MTL_ENABLE_DEBUG_INFO = NO;
				MTL_FAST_MATH = YES;
				SDKROOT = iphoneos;
				SWIFT_COMPILATION_MODE = wholemodule;
				SWIFT_OPTIMIZATION_LEVEL = "-O";
				VALIDATE_PRODUCT = YES;
			};
			name = Release;
		};
		3B24822625D7ECD4009155CA /* Debug */ = {
			isa = XCBuildConfiguration;
			baseConfigurationReference = 34EF6B54D0398C7EA1BF105A /* Pods-Qiitaipad.debug.xcconfig */;
			buildSettings = {
				ASSETCATALOG_COMPILER_APPICON_NAME = AppIcon;
				ASSETCATALOG_COMPILER_GLOBAL_ACCENT_COLOR_NAME = AccentColor;
				CODE_SIGN_STYLE = Automatic;
				DEVELOPMENT_TEAM = MZS6GWM7ZN;
				INFOPLIST_FILE = Qiitaipad/Info.plist;
				LD_RUNPATH_SEARCH_PATHS = (
					"$(inherited)",
					"@executable_path/Frameworks",
				);
				PRODUCT_BUNDLE_IDENTIFIER = com.antk.Qiitaipad;
				PRODUCT_NAME = "$(TARGET_NAME)";
				SWIFT_VERSION = 5.0;
				TARGETED_DEVICE_FAMILY = 2;
			};
			name = Debug;
		};
		3B24822725D7ECD4009155CA /* Release */ = {
			isa = XCBuildConfiguration;
			baseConfigurationReference = CE69A8AFDE0619E044F61483 /* Pods-Qiitaipad.release.xcconfig */;
			buildSettings = {
				ASSETCATALOG_COMPILER_APPICON_NAME = AppIcon;
				ASSETCATALOG_COMPILER_GLOBAL_ACCENT_COLOR_NAME = AccentColor;
				CODE_SIGN_STYLE = Automatic;
				DEVELOPMENT_TEAM = MZS6GWM7ZN;
				INFOPLIST_FILE = Qiitaipad/Info.plist;
				LD_RUNPATH_SEARCH_PATHS = (
					"$(inherited)",
					"@executable_path/Frameworks",
				);
				PRODUCT_BUNDLE_IDENTIFIER = com.antk.Qiitaipad;
				PRODUCT_NAME = "$(TARGET_NAME)";
				SWIFT_VERSION = 5.0;
				TARGETED_DEVICE_FAMILY = 2;
			};
			name = Release;
		};
/* End XCBuildConfiguration section */

/* Begin XCConfigurationList section */
		3B24820C25D7ECD1009155CA /* Build configuration list for PBXProject "Qiitaipad" */ = {
			isa = XCConfigurationList;
			buildConfigurations = (
				3B24822325D7ECD4009155CA /* Debug */,
				3B24822425D7ECD4009155CA /* Release */,
			);
			defaultConfigurationIsVisible = 0;
			defaultConfigurationName = Release;
		};
		3B24822525D7ECD4009155CA /* Build configuration list for PBXNativeTarget "Qiitaipad" */ = {
			isa = XCConfigurationList;
			buildConfigurations = (
				3B24822625D7ECD4009155CA /* Debug */,
				3B24822725D7ECD4009155CA /* Release */,
			);
			defaultConfigurationIsVisible = 0;
			defaultConfigurationName = Release;
		};
/* End XCConfigurationList section */
	};
	rootObject = 3B24820925D7ECD1009155CA /* Project object */;
}
